
Microsoft Visual Studio Solution File, Format Version 12.00
# Visual Studio 2013
VisualStudioVersion = 12.0.30501.0
MinimumVisualStudioVersion = 10.0.40219.1
Project("{FAE04EC0-301F-11D3-BF4B-00C04F79EFBC}") = "LiskovSubstitutionPrinciple", "LiskovSubstitutionPrinciple\LiskovSubstitutionPrinciple.csproj", "{C2AD9D0A-7520-436F-99A2-EDF526D31148}"
EndProject
Project("{FAE04EC0-301F-11D3-BF4B-00C04F79EFBC}") = "ConsoleApplication1", "ConsoleApplication1\ConsoleApplication1.csproj", "{72B9E72C-F446-4083-A1B4-6CA6098F01D6}"
EndProject
Global
	GlobalSection(SolutionConfigurationPlatforms) = preSolution
		Debug|Any CPU = Debug|Any CPU
		Release|Any CPU = Release|Any CPU
	EndGlobalSection
	GlobalSection(ProjectConfigurationPlatforms) = postSolution
		{C2AD9D0A-7520-436F-99A2-EDF526D31148}.Debug|Any CPU.ActiveCfg = Debug|Any CPU
		{C2AD9D0A-7520-436F-99A2-EDF526D31148}.Debug|Any CPU.Build.0 = Debug|Any CPU
		{C2AD9D0A-7520-436F-99A2-EDF526D31148}.Release|Any CPU.ActiveCfg = Release|Any CPU
		{C2AD9D0A-7520-436F-99A2-EDF526D31148}.Release|Any CPU.Build.0 = Release|Any CPU
		{72B9E72C-F446-4083-A1B4-6CA6098F01D6}.Debug|Any CPU.ActiveCfg = Debug|Any CPU
		{72B9E72C-F446-4083-A1B4-6CA6098F01D6}.Debug|Any CPU.Build.0 = Debug|Any CPU
		{72B9E72C-F446-4083-A1B4-6CA6098F01D6}.Release|Any CPU.ActiveCfg = Release|Any CPU
		{72B9E72C-F446-4083-A1B4-6CA6098F01D6}.Release|Any CPU.Build.0 = Release|Any CPU
	EndGlobalSection
	GlobalSection(SolutionProperties) = preSolution
		HideSolutionNode = FALSE
	EndGlobalSection
EndGlobal
