
Microsoft Visual Studio Solution File, Format Version 12.00
# Visual Studio 2013
VisualStudioVersion = 12.0.30501.0
MinimumVisualStudioVersion = 10.0.40219.1
Project("{FAE04EC0-301F-11D3-BF4B-00C04F79EFBC}") = "Registar", "Registar\Registar.csproj", "{325E6C82-B083-492F-AD7F-802F19EA566E}"
EndProject
Project("{FAE04EC0-301F-11D3-BF4B-00C04F79EFBC}") = "Registar.Tests", "Registar.Tests\Registar.Tests.csproj", "{B77910E4-F634-4ED7-9A70-57B2FDED018C}"
EndProject
Project("{2150E333-8FDC-42A3-9474-1A3956D46DE8}") = "PL", "PL", "{4FC089FA-7CB5-46AB-BDC9-1123880A6A84}"
EndProject
Project("{2150E333-8FDC-42A3-9474-1A3956D46DE8}") = "BL", "BL", "{26A230F8-6074-43EC-ACFC-B08426B2A3DE}"
EndProject
Project("{2150E333-8FDC-42A3-9474-1A3956D46DE8}") = "DL", "DL", "{8AA5BE35-173C-4615-A982-2D662E760DBA}"
EndProject
Project("{FAE04EC0-301F-11D3-BF4B-00C04F79EFBC}") = "Registar.BusinessLayer", "Registar.BusinessLayer\Registar.BusinessLayer.csproj", "{173D84D5-E811-42DC-814C-E230C87BF5E5}"
EndProject
Project("{FAE04EC0-301F-11D3-BF4B-00C04F79EFBC}") = "Registar.DataLayer", "Registar.DataLayer\Registar.DataLayer.csproj", "{871A042F-4377-4101-93E4-9CD738E416A5}"
EndProject
Project("{2150E333-8FDC-42A3-9474-1A3956D46DE8}") = "Common", "Common", "{56E95245-CC04-4711-A576-5857B9598115}"
EndProject
Project("{FAE04EC0-301F-11D3-BF4B-00C04F79EFBC}") = "Registar.DomainModel", "Registar.DomainModel\Registar.DomainModel.csproj", "{599C2044-EA20-41FB-861E-C1A436DF198A}"
EndProject
Project("{2150E333-8FDC-42A3-9474-1A3956D46DE8}") = "JustForTesting", "JustForTesting", "{F6912F92-C4FF-4036-AA7E-36B1B34FCAA3}"
EndProject
Project("{FAE04EC0-301F-11D3-BF4B-00C04F79EFBC}") = "ConsoleApplication1", "ConsoleApplication1\ConsoleApplication1.csproj", "{2B1156DF-9A39-4763-8BD4-AC03DB59F249}"
EndProject
Project("{FAE04EC0-301F-11D3-BF4B-00C04F79EFBC}") = "Registar.Repository", "Registar.Repository\Registar.Repository.csproj", "{E521302B-39AF-4EDB-B194-F3748E00C357}"
EndProject
Project("{FAE04EC0-301F-11D3-BF4B-00C04F79EFBC}") = "Registar.Factory", "Registar.Factory\Registar.Factory.csproj", "{AD1BB350-2693-4DCF-94C1-481B305F473F}"
EndProject
Project("{2150E333-8FDC-42A3-9474-1A3956D46DE8}") = "PL111", "PL111", "{FCE98261-0965-433C-8052-319D2E424B5E}"
EndProject
Project("{FAE04EC0-301F-11D3-BF4B-00C04F79EFBC}") = "Registar", "..\..\..\..\RegistarVersions\Registar\Registar\Registar.csproj", "{FB725401-428B-49C5-B031-6F4511C4FF5C}"
EndProject
Global
	GlobalSection(SolutionConfigurationPlatforms) = preSolution
		Debug|Any CPU = Debug|Any CPU
		Release|Any CPU = Release|Any CPU
	EndGlobalSection
	GlobalSection(ProjectConfigurationPlatforms) = postSolution
		{325E6C82-B083-492F-AD7F-802F19EA566E}.Debug|Any CPU.ActiveCfg = Debug|Any CPU
		{325E6C82-B083-492F-AD7F-802F19EA566E}.Debug|Any CPU.Build.0 = Debug|Any CPU
		{325E6C82-B083-492F-AD7F-802F19EA566E}.Release|Any CPU.ActiveCfg = Release|Any CPU
		{325E6C82-B083-492F-AD7F-802F19EA566E}.Release|Any CPU.Build.0 = Release|Any CPU
		{B77910E4-F634-4ED7-9A70-57B2FDED018C}.Debug|Any CPU.ActiveCfg = Debug|Any CPU
		{B77910E4-F634-4ED7-9A70-57B2FDED018C}.Debug|Any CPU.Build.0 = Debug|Any CPU
		{B77910E4-F634-4ED7-9A70-57B2FDED018C}.Release|Any CPU.ActiveCfg = Release|Any CPU
		{B77910E4-F634-4ED7-9A70-57B2FDED018C}.Release|Any CPU.Build.0 = Release|Any CPU
		{173D84D5-E811-42DC-814C-E230C87BF5E5}.Debug|Any CPU.ActiveCfg = Debug|Any CPU
		{173D84D5-E811-42DC-814C-E230C87BF5E5}.Debug|Any CPU.Build.0 = Debug|Any CPU
		{173D84D5-E811-42DC-814C-E230C87BF5E5}.Release|Any CPU.ActiveCfg = Release|Any CPU
		{173D84D5-E811-42DC-814C-E230C87BF5E5}.Release|Any CPU.Build.0 = Release|Any CPU
		{871A042F-4377-4101-93E4-9CD738E416A5}.Debug|Any CPU.ActiveCfg = Debug|Any CPU
		{871A042F-4377-4101-93E4-9CD738E416A5}.Debug|Any CPU.Build.0 = Debug|Any CPU
		{871A042F-4377-4101-93E4-9CD738E416A5}.Release|Any CPU.ActiveCfg = Release|Any CPU
		{871A042F-4377-4101-93E4-9CD738E416A5}.Release|Any CPU.Build.0 = Release|Any CPU
		{599C2044-EA20-41FB-861E-C1A436DF198A}.Debug|Any CPU.ActiveCfg = Debug|Any CPU
		{599C2044-EA20-41FB-861E-C1A436DF198A}.Debug|Any CPU.Build.0 = Debug|Any CPU
		{599C2044-EA20-41FB-861E-C1A436DF198A}.Release|Any CPU.ActiveCfg = Release|Any CPU
		{599C2044-EA20-41FB-861E-C1A436DF198A}.Release|Any CPU.Build.0 = Release|Any CPU
		{2B1156DF-9A39-4763-8BD4-AC03DB59F249}.Debug|Any CPU.ActiveCfg = Debug|Any CPU
		{2B1156DF-9A39-4763-8BD4-AC03DB59F249}.Debug|Any CPU.Build.0 = Debug|Any CPU
		{2B1156DF-9A39-4763-8BD4-AC03DB59F249}.Release|Any CPU.ActiveCfg = Release|Any CPU
		{2B1156DF-9A39-4763-8BD4-AC03DB59F249}.Release|Any CPU.Build.0 = Release|Any CPU
		{E521302B-39AF-4EDB-B194-F3748E00C357}.Debug|Any CPU.ActiveCfg = Debug|Any CPU
		{E521302B-39AF-4EDB-B194-F3748E00C357}.Debug|Any CPU.Build.0 = Debug|Any CPU
		{E521302B-39AF-4EDB-B194-F3748E00C357}.Release|Any CPU.ActiveCfg = Release|Any CPU
		{E521302B-39AF-4EDB-B194-F3748E00C357}.Release|Any CPU.Build.0 = Release|Any CPU
		{AD1BB350-2693-4DCF-94C1-481B305F473F}.Debug|Any CPU.ActiveCfg = Debug|Any CPU
		{AD1BB350-2693-4DCF-94C1-481B305F473F}.Debug|Any CPU.Build.0 = Debug|Any CPU
		{AD1BB350-2693-4DCF-94C1-481B305F473F}.Release|Any CPU.ActiveCfg = Release|Any CPU
		{AD1BB350-2693-4DCF-94C1-481B305F473F}.Release|Any CPU.Build.0 = Release|Any CPU
		{FB725401-428B-49C5-B031-6F4511C4FF5C}.Debug|Any CPU.ActiveCfg = Debug|Any CPU
		{FB725401-428B-49C5-B031-6F4511C4FF5C}.Debug|Any CPU.Build.0 = Debug|Any CPU
		{FB725401-428B-49C5-B031-6F4511C4FF5C}.Release|Any CPU.ActiveCfg = Release|Any CPU
		{FB725401-428B-49C5-B031-6F4511C4FF5C}.Release|Any CPU.Build.0 = Release|Any CPU
	EndGlobalSection
	GlobalSection(SolutionProperties) = preSolution
		HideSolutionNode = FALSE
	EndGlobalSection
	GlobalSection(NestedProjects) = preSolution
		{325E6C82-B083-492F-AD7F-802F19EA566E} = {4FC089FA-7CB5-46AB-BDC9-1123880A6A84}
		{B77910E4-F634-4ED7-9A70-57B2FDED018C} = {4FC089FA-7CB5-46AB-BDC9-1123880A6A84}
		{173D84D5-E811-42DC-814C-E230C87BF5E5} = {26A230F8-6074-43EC-ACFC-B08426B2A3DE}
		{871A042F-4377-4101-93E4-9CD738E416A5} = {8AA5BE35-173C-4615-A982-2D662E760DBA}
		{599C2044-EA20-41FB-861E-C1A436DF198A} = {56E95245-CC04-4711-A576-5857B9598115}
		{2B1156DF-9A39-4763-8BD4-AC03DB59F249} = {F6912F92-C4FF-4036-AA7E-36B1B34FCAA3}
		{E521302B-39AF-4EDB-B194-F3748E00C357} = {8AA5BE35-173C-4615-A982-2D662E760DBA}
		{AD1BB350-2693-4DCF-94C1-481B305F473F} = {56E95245-CC04-4711-A576-5857B9598115}
		{FB725401-428B-49C5-B031-6F4511C4FF5C} = {FCE98261-0965-433C-8052-319D2E424B5E}
	EndGlobalSection
EndGlobal
