
Microsoft Visual Studio Solution File, Format Version 12.00
# Visual Studio 2013
VisualStudioVersion = 12.0.30501.0
MinimumVisualStudioVersion = 10.0.40219.1
Project("{2150E333-8FDC-42A3-9474-1A3956D46DE8}") = "BL", "BL", "{26A230F8-6074-43EC-ACFC-B08426B2A3DE}"
EndProject
Project("{2150E333-8FDC-42A3-9474-1A3956D46DE8}") = "DL", "DL", "{8AA5BE35-173C-4615-A982-2D662E760DBA}"
EndProject
Project("{FAE04EC0-301F-11D3-BF4B-00C04F79EFBC}") = "Registar.BusinessLayer", "Registar.BusinessLayer\Registar.BusinessLayer.csproj", "{173D84D5-E811-42DC-814C-E230C87BF5E5}"
EndProject
Project("{FAE04EC0-301F-11D3-BF4B-00C04F79EFBC}") = "Registar.DataLayer", "Registar.DataLayer\Registar.DataLayer.csproj", "{871A042F-4377-4101-93E4-9CD738E416A5}"
EndProject
Project("{2150E333-8FDC-42A3-9474-1A3956D46DE8}") = "Common", "Common", "{56E95245-CC04-4711-A576-5857B9598115}"
EndProject
Project("{FAE04EC0-301F-11D3-BF4B-00C04F79EFBC}") = "Registar.DomainModel", "Registar.DomainModel\Registar.DomainModel.csproj", "{599C2044-EA20-41FB-861E-C1A436DF198A}"
EndProject
Project("{2150E333-8FDC-42A3-9474-1A3956D46DE8}") = "JustForTesting", "JustForTesting", "{F6912F92-C4FF-4036-AA7E-36B1B34FCAA3}"
EndProject
Project("{FAE04EC0-301F-11D3-BF4B-00C04F79EFBC}") = "ConsoleApplication1", "ConsoleApplication1\ConsoleApplication1.csproj", "{2B1156DF-9A39-4763-8BD4-AC03DB59F249}"
EndProject
Project("{FAE04EC0-301F-11D3-BF4B-00C04F79EFBC}") = "Registar.Repository", "Registar.Repository\Registar.Repository.csproj", "{E521302B-39AF-4EDB-B194-F3748E00C357}"
EndProject
Project("{2150E333-8FDC-42A3-9474-1A3956D46DE8}") = "PL", "PL", "{FCE98261-0965-433C-8052-319D2E424B5E}"
EndProject
Project("{FAE04EC0-301F-11D3-BF4B-00C04F79EFBC}") = "RegistarMVC", "RegistarMVC\RegistarMVC.csproj", "{00598F63-1F99-4D2C-B84C-05B2196B9F94}"
EndProject
Project("{FAE04EC0-301F-11D3-BF4B-00C04F79EFBC}") = "RegistarMVC.Tests", "RegistarMVC.Tests\RegistarMVC.Tests.csproj", "{9AB8276E-4495-41F8-94E2-F66158179620}"
EndProject
Project("{FAE04EC0-301F-11D3-BF4B-00C04F79EFBC}") = "Registar.Common", "Registar.Common\Registar.Common.csproj", "{C0E97AB5-6FB0-4751-820B-5E19E266AF2F}"
EndProject
Project("{FAE04EC0-301F-11D3-BF4B-00C04F79EFBC}") = "Registar.BusinessLayer.Tests", "Registar.BusinessLayer.Tests\Registar.BusinessLayer.Tests.csproj", "{3AA6F38F-5E8B-4C10-A963-25BB8AC20BB8}"
EndProject
Project("{FAE04EC0-301F-11D3-BF4B-00C04F79EFBC}") = "Registar.BL.Contracts", "Registar.BL.Contracts\Registar.BL.Contracts.csproj", "{19C97E10-4EF7-439A-A1BC-479ECC47946D}"
EndProject
Global
	GlobalSection(SolutionConfigurationPlatforms) = preSolution
		Debug|Any CPU = Debug|Any CPU
		Release|Any CPU = Release|Any CPU
	EndGlobalSection
	GlobalSection(ProjectConfigurationPlatforms) = postSolution
		{173D84D5-E811-42DC-814C-E230C87BF5E5}.Debug|Any CPU.ActiveCfg = Debug|Any CPU
		{173D84D5-E811-42DC-814C-E230C87BF5E5}.Debug|Any CPU.Build.0 = Debug|Any CPU
		{173D84D5-E811-42DC-814C-E230C87BF5E5}.Release|Any CPU.ActiveCfg = Release|Any CPU
		{173D84D5-E811-42DC-814C-E230C87BF5E5}.Release|Any CPU.Build.0 = Release|Any CPU
		{871A042F-4377-4101-93E4-9CD738E416A5}.Debug|Any CPU.ActiveCfg = Debug|Any CPU
		{871A042F-4377-4101-93E4-9CD738E416A5}.Debug|Any CPU.Build.0 = Debug|Any CPU
		{871A042F-4377-4101-93E4-9CD738E416A5}.Release|Any CPU.ActiveCfg = Release|Any CPU
		{871A042F-4377-4101-93E4-9CD738E416A5}.Release|Any CPU.Build.0 = Release|Any CPU
		{599C2044-EA20-41FB-861E-C1A436DF198A}.Debug|Any CPU.ActiveCfg = Debug|Any CPU
		{599C2044-EA20-41FB-861E-C1A436DF198A}.Debug|Any CPU.Build.0 = Debug|Any CPU
		{599C2044-EA20-41FB-861E-C1A436DF198A}.Release|Any CPU.ActiveCfg = Release|Any CPU
		{599C2044-EA20-41FB-861E-C1A436DF198A}.Release|Any CPU.Build.0 = Release|Any CPU
		{2B1156DF-9A39-4763-8BD4-AC03DB59F249}.Debug|Any CPU.ActiveCfg = Debug|Any CPU
		{2B1156DF-9A39-4763-8BD4-AC03DB59F249}.Debug|Any CPU.Build.0 = Debug|Any CPU
		{2B1156DF-9A39-4763-8BD4-AC03DB59F249}.Release|Any CPU.ActiveCfg = Release|Any CPU
		{2B1156DF-9A39-4763-8BD4-AC03DB59F249}.Release|Any CPU.Build.0 = Release|Any CPU
		{E521302B-39AF-4EDB-B194-F3748E00C357}.Debug|Any CPU.ActiveCfg = Debug|Any CPU
		{E521302B-39AF-4EDB-B194-F3748E00C357}.Debug|Any CPU.Build.0 = Debug|Any CPU
		{E521302B-39AF-4EDB-B194-F3748E00C357}.Release|Any CPU.ActiveCfg = Release|Any CPU
		{E521302B-39AF-4EDB-B194-F3748E00C357}.Release|Any CPU.Build.0 = Release|Any CPU
		{00598F63-1F99-4D2C-B84C-05B2196B9F94}.Debug|Any CPU.ActiveCfg = Debug|Any CPU
		{00598F63-1F99-4D2C-B84C-05B2196B9F94}.Debug|Any CPU.Build.0 = Debug|Any CPU
		{00598F63-1F99-4D2C-B84C-05B2196B9F94}.Release|Any CPU.ActiveCfg = Release|Any CPU
		{00598F63-1F99-4D2C-B84C-05B2196B9F94}.Release|Any CPU.Build.0 = Release|Any CPU
		{9AB8276E-4495-41F8-94E2-F66158179620}.Debug|Any CPU.ActiveCfg = Debug|Any CPU
		{9AB8276E-4495-41F8-94E2-F66158179620}.Debug|Any CPU.Build.0 = Debug|Any CPU
		{9AB8276E-4495-41F8-94E2-F66158179620}.Release|Any CPU.ActiveCfg = Release|Any CPU
		{9AB8276E-4495-41F8-94E2-F66158179620}.Release|Any CPU.Build.0 = Release|Any CPU
		{C0E97AB5-6FB0-4751-820B-5E19E266AF2F}.Debug|Any CPU.ActiveCfg = Debug|Any CPU
		{C0E97AB5-6FB0-4751-820B-5E19E266AF2F}.Debug|Any CPU.Build.0 = Debug|Any CPU
		{C0E97AB5-6FB0-4751-820B-5E19E266AF2F}.Release|Any CPU.ActiveCfg = Release|Any CPU
		{C0E97AB5-6FB0-4751-820B-5E19E266AF2F}.Release|Any CPU.Build.0 = Release|Any CPU
		{3AA6F38F-5E8B-4C10-A963-25BB8AC20BB8}.Debug|Any CPU.ActiveCfg = Debug|Any CPU
		{3AA6F38F-5E8B-4C10-A963-25BB8AC20BB8}.Debug|Any CPU.Build.0 = Debug|Any CPU
		{3AA6F38F-5E8B-4C10-A963-25BB8AC20BB8}.Release|Any CPU.ActiveCfg = Release|Any CPU
		{3AA6F38F-5E8B-4C10-A963-25BB8AC20BB8}.Release|Any CPU.Build.0 = Release|Any CPU
		{19C97E10-4EF7-439A-A1BC-479ECC47946D}.Debug|Any CPU.ActiveCfg = Debug|Any CPU
		{19C97E10-4EF7-439A-A1BC-479ECC47946D}.Debug|Any CPU.Build.0 = Debug|Any CPU
		{19C97E10-4EF7-439A-A1BC-479ECC47946D}.Release|Any CPU.ActiveCfg = Release|Any CPU
		{19C97E10-4EF7-439A-A1BC-479ECC47946D}.Release|Any CPU.Build.0 = Release|Any CPU
	EndGlobalSection
	GlobalSection(SolutionProperties) = preSolution
		HideSolutionNode = FALSE
	EndGlobalSection
	GlobalSection(NestedProjects) = preSolution
		{173D84D5-E811-42DC-814C-E230C87BF5E5} = {26A230F8-6074-43EC-ACFC-B08426B2A3DE}
		{871A042F-4377-4101-93E4-9CD738E416A5} = {8AA5BE35-173C-4615-A982-2D662E760DBA}
		{599C2044-EA20-41FB-861E-C1A436DF198A} = {56E95245-CC04-4711-A576-5857B9598115}
		{2B1156DF-9A39-4763-8BD4-AC03DB59F249} = {F6912F92-C4FF-4036-AA7E-36B1B34FCAA3}
		{E521302B-39AF-4EDB-B194-F3748E00C357} = {8AA5BE35-173C-4615-A982-2D662E760DBA}
		{00598F63-1F99-4D2C-B84C-05B2196B9F94} = {FCE98261-0965-433C-8052-319D2E424B5E}
		{9AB8276E-4495-41F8-94E2-F66158179620} = {FCE98261-0965-433C-8052-319D2E424B5E}
		{C0E97AB5-6FB0-4751-820B-5E19E266AF2F} = {56E95245-CC04-4711-A576-5857B9598115}
		{3AA6F38F-5E8B-4C10-A963-25BB8AC20BB8} = {26A230F8-6074-43EC-ACFC-B08426B2A3DE}
		{19C97E10-4EF7-439A-A1BC-479ECC47946D} = {26A230F8-6074-43EC-ACFC-B08426B2A3DE}
	EndGlobalSection
EndGlobal
